// !$*UTF8*$!
{
	archiveVersion = 1;
	classes = {
	};
	objectVersion = 45;
	objects = {

/* Begin PBXBuildFile section */
		1D3623260D0F684500981E51 /* ImageLocaterAppDelegate.m in Sources */ = {isa = PBXBuildFile; fileRef = 1D3623250D0F684500981E51 /* ImageLocaterAppDelegate.m */; };
		1D60589B0D05DD56006BFB54 /* main.m in Sources */ = {isa = PBXBuildFile; fileRef = 29B97316FDCFA39411CA2CEA /* main.m */; };
		1D60589F0D05DD5A006BFB54 /* Foundation.framework in Frameworks */ = {isa = PBXBuildFile; fileRef = 1D30AB110D05D00D00671497 /* Foundation.framework */; };
		1DF5F4E00D08C38300B7A737 /* UIKit.framework in Frameworks */ = {isa = PBXBuildFile; fileRef = 1DF5F4DF0D08C38300B7A737 /* UIKit.framework */; };
		288765FD0DF74451002DB57D /* CoreGraphics.framework in Frameworks */ = {isa = PBXBuildFile; fileRef = 288765FC0DF74451002DB57D /* CoreGraphics.framework */; };
		28AD733F0D9D9553002E5188 /* MainWindow.xib in Resources */ = {isa = PBXBuildFile; fileRef = 28AD733E0D9D9553002E5188 /* MainWindow.xib */; };
		CC21CC8111D75BFD0050D21B /* CoreLocation.framework in Frameworks */ = {isa = PBXBuildFile; fileRef = CC21CC8011D75BFD0050D21B /* CoreLocation.framework */; };
		CC21CC8511D75C070050D21B /* MapKit.framework in Frameworks */ = {isa = PBXBuildFile; fileRef = CC21CC8411D75C070050D21B /* MapKit.framework */; };
		CC21CC8D11D75C6A0050D21B /* LoginController.m in Sources */ = {isa = PBXBuildFile; fileRef = CC21CC8B11D75C6A0050D21B /* LoginController.m */; };
		CC21CC8E11D75C6A0050D21B /* LoginController.xib in Resources */ = {isa = PBXBuildFile; fileRef = CC21CC8C11D75C6A0050D21B /* LoginController.xib */; };
		CC21CCB411D769DC0050D21B /* MapViewController.m in Sources */ = {isa = PBXBuildFile; fileRef = CC21CCB211D769DC0050D21B /* MapViewController.m */; };
		CC21CCB511D769DC0050D21B /* MapViewController.xib in Resources */ = {isa = PBXBuildFile; fileRef = CC21CCB311D769DC0050D21B /* MapViewController.xib */; };
		CC21CD3611D77FB20050D21B /* MainController.xib in Resources */ = {isa = PBXBuildFile; fileRef = CC21CD3411D77FB20050D21B /* MainController.xib */; };
		CC21CD4111D7814D0050D21B /* SFAnnotation.m in Sources */ = {isa = PBXBuildFile; fileRef = CC21CD3E11D7814D0050D21B /* SFAnnotation.m */; };
		CC21CD4211D7814D0050D21B /* BridgeAnnotation.m in Sources */ = {isa = PBXBuildFile; fileRef = CC21CD4011D7814D0050D21B /* BridgeAnnotation.m */; };
		CC26957111E010DF00A3E000 /* libObjectiveFlickr.a in Frameworks */ = {isa = PBXBuildFile; fileRef = CC26954C11E00DDE00A3E000 /* libObjectiveFlickr.a */; };
		CC26963C11E039D300A3E000 /* SFPhoto.m in Sources */ = {isa = PBXBuildFile; fileRef = CC26963B11E039D300A3E000 /* SFPhoto.m */; };
		CC2696A811E03ED400A3E000 /* SFCircule.m in Sources */ = {isa = PBXBuildFile; fileRef = CC2696A711E03ED400A3E000 /* SFCircule.m */; };
		CC74427F11DA1AAE00CA31E1 /* ImageViewController.m in Sources */ = {isa = PBXBuildFile; fileRef = CC74427D11DA1AAE00CA31E1 /* ImageViewController.m */; };
		CC74428011DA1AAE00CA31E1 /* ImageViewController.xib in Resources */ = {isa = PBXBuildFile; fileRef = CC74427E11DA1AAE00CA31E1 /* ImageViewController.xib */; };
		CC8033AD11D812CC00CFEE82 /* MainController.m in Sources */ = {isa = PBXBuildFile; fileRef = CC8033AC11D812CC00CFEE82 /* MainController.m */; };
		CCB1117611DF15A500721F63 /* CFNetwork.framework in Frameworks */ = {isa = PBXBuildFile; fileRef = CCB1117511DF15A500721F63 /* CFNetwork.framework */; };
		CCB113DD11DF315000721F63 /* SelectSetView.m in Sources */ = {isa = PBXBuildFile; fileRef = CCB113DB11DF315000721F63 /* SelectSetView.m */; };
		CCB113DE11DF315000721F63 /* SelectSetView.xib in Resources */ = {isa = PBXBuildFile; fileRef = CCB113DC11DF315000721F63 /* SelectSetView.xib */; };
		CCB1151411DF463F00721F63 /* TripViewController.m in Sources */ = {isa = PBXBuildFile; fileRef = CCB1151211DF463F00721F63 /* TripViewController.m */; };
		CCB1151511DF463F00721F63 /* TripViewController.xib in Resources */ = {isa = PBXBuildFile; fileRef = CCB1151311DF463F00721F63 /* TripViewController.xib */; };
		CCB1159E11DF560B00721F63 /* ASIDownloadCache.m in Sources */ = {isa = PBXBuildFile; fileRef = CCB1159211DF560B00721F63 /* ASIDownloadCache.m */; };
		CCB1159F11DF560B00721F63 /* ASIFormDataRequest.m in Sources */ = {isa = PBXBuildFile; fileRef = CCB1159411DF560B00721F63 /* ASIFormDataRequest.m */; };
		CCB115A011DF560B00721F63 /* ASIHTTPRequest.m in Sources */ = {isa = PBXBuildFile; fileRef = CCB1159611DF560B00721F63 /* ASIHTTPRequest.m */; };
		CCB115A111DF560B00721F63 /* ASIInputStream.m in Sources */ = {isa = PBXBuildFile; fileRef = CCB1159A11DF560B00721F63 /* ASIInputStream.m */; };
		CCB115A211DF560B00721F63 /* ASINetworkQueue.m in Sources */ = {isa = PBXBuildFile; fileRef = CCB1159C11DF560B00721F63 /* ASINetworkQueue.m */; };
		CCB115A911DF563100721F63 /* ASIAuthenticationDialog.m in Sources */ = {isa = PBXBuildFile; fileRef = CCB115A611DF563100721F63 /* ASIAuthenticationDialog.m */; };
		CCB115AA11DF563100721F63 /* Reachability.m in Sources */ = {isa = PBXBuildFile; fileRef = CCB115A811DF563100721F63 /* Reachability.m */; };
		CCB115AE11DF566100721F63 /* SystemConfiguration.framework in Frameworks */ = {isa = PBXBuildFile; fileRef = CCB115AD11DF566100721F63 /* SystemConfiguration.framework */; };
		CCB115B011DF567100721F63 /* MobileCoreServices.framework in Frameworks */ = {isa = PBXBuildFile; fileRef = CCB115AF11DF567100721F63 /* MobileCoreServices.framework */; };
		CCB115B211DF568C00721F63 /* libz.1.2.3.dylib in Frameworks */ = {isa = PBXBuildFile; fileRef = CCB115B111DF568C00721F63 /* libz.1.2.3.dylib */; };
/* End PBXBuildFile section */

/* Begin PBXContainerItemProxy section */
		CC26954911E00DDE00A3E000 /* PBXContainerItemProxy */ = {
			isa = PBXContainerItemProxy;
			containerPortal = CCB1120611DF172E00721F63 /* ObjectiveFlickr.xcodeproj */;
			proxyType = 2;
			remoteGlobalIDString = 6A8666490F9593B200325E1C;
			remoteInfo = "ObjectiveFlickr (framework)";
		};
		CC26954B11E00DDE00A3E000 /* PBXContainerItemProxy */ = {
			isa = PBXContainerItemProxy;
			containerPortal = CCB1120611DF172E00721F63 /* ObjectiveFlickr.xcodeproj */;
			proxyType = 2;
			remoteGlobalIDString = 6ABF72E60F939BE600B9179E;
			remoteInfo = "ObjectiveFlickr (library)";
		};
		CC26956A11E0108700A3E000 /* PBXContainerItemProxy */ = {
			isa = PBXContainerItemProxy;
			containerPortal = CCB1120611DF172E00721F63 /* ObjectiveFlickr.xcodeproj */;
			proxyType = 1;
			remoteGlobalIDString = 6ABF72E50F939BE600B9179E;
			remoteInfo = "ObjectiveFlickr (library)";
		};
/* End PBXContainerItemProxy section */

/* Begin PBXFileReference section */
		1D30AB110D05D00D00671497 /* Foundation.framework */ = {isa = PBXFileReference; lastKnownFileType = wrapper.framework; name = Foundation.framework; path = System/Library/Frameworks/Foundation.framework; sourceTree = SDKROOT; };
		1D3623240D0F684500981E51 /* ImageLocaterAppDelegate.h */ = {isa = PBXFileReference; fileEncoding = 4; lastKnownFileType = sourcecode.c.h; path = ImageLocaterAppDelegate.h; sourceTree = "<group>"; };
		1D3623250D0F684500981E51 /* ImageLocaterAppDelegate.m */ = {isa = PBXFileReference; fileEncoding = 4; lastKnownFileType = sourcecode.c.objc; path = ImageLocaterAppDelegate.m; sourceTree = "<group>"; };
		1D6058910D05DD3D006BFB54 /* ImageLocater.app */ = {isa = PBXFileReference; explicitFileType = wrapper.application; includeInIndex = 0; path = ImageLocater.app; sourceTree = BUILT_PRODUCTS_DIR; };
		1DF5F4DF0D08C38300B7A737 /* UIKit.framework */ = {isa = PBXFileReference; lastKnownFileType = wrapper.framework; name = UIKit.framework; path = System/Library/Frameworks/UIKit.framework; sourceTree = SDKROOT; };
		288765FC0DF74451002DB57D /* CoreGraphics.framework */ = {isa = PBXFileReference; lastKnownFileType = wrapper.framework; name = CoreGraphics.framework; path = System/Library/Frameworks/CoreGraphics.framework; sourceTree = SDKROOT; };
		28AD733E0D9D9553002E5188 /* MainWindow.xib */ = {isa = PBXFileReference; lastKnownFileType = file.xib; path = MainWindow.xib; sourceTree = "<group>"; };
		29B97316FDCFA39411CA2CEA /* main.m */ = {isa = PBXFileReference; fileEncoding = 4; lastKnownFileType = sourcecode.c.objc; path = main.m; sourceTree = "<group>"; };
		32CA4F630368D1EE00C91783 /* ImageLocater_Prefix.pch */ = {isa = PBXFileReference; fileEncoding = 4; lastKnownFileType = sourcecode.c.h; path = ImageLocater_Prefix.pch; sourceTree = "<group>"; };
		8D1107310486CEB800E47090 /* ImageLocater-Info.plist */ = {isa = PBXFileReference; fileEncoding = 4; lastKnownFileType = text.plist.xml; path = "ImageLocater-Info.plist"; plistStructureDefinitionIdentifier = "com.apple.xcode.plist.structure-definition.iphone.info-plist"; sourceTree = "<group>"; };
		CC21CC8011D75BFD0050D21B /* CoreLocation.framework */ = {isa = PBXFileReference; lastKnownFileType = wrapper.framework; name = CoreLocation.framework; path = System/Library/Frameworks/CoreLocation.framework; sourceTree = SDKROOT; };
		CC21CC8411D75C070050D21B /* MapKit.framework */ = {isa = PBXFileReference; lastKnownFileType = wrapper.framework; name = MapKit.framework; path = System/Library/Frameworks/MapKit.framework; sourceTree = SDKROOT; };
		CC21CC8A11D75C6A0050D21B /* LoginController.h */ = {isa = PBXFileReference; fileEncoding = 4; lastKnownFileType = sourcecode.c.h; path = LoginController.h; sourceTree = "<group>"; };
		CC21CC8B11D75C6A0050D21B /* LoginController.m */ = {isa = PBXFileReference; fileEncoding = 4; lastKnownFileType = sourcecode.c.objc; path = LoginController.m; sourceTree = "<group>"; };
		CC21CC8C11D75C6A0050D21B /* LoginController.xib */ = {isa = PBXFileReference; lastKnownFileType = file.xib; name = LoginController.xib; path = Classes/LoginController.xib; sourceTree = "<group>"; };
		CC21CCB111D769DC0050D21B /* MapViewController.h */ = {isa = PBXFileReference; fileEncoding = 4; lastKnownFileType = sourcecode.c.h; path = MapViewController.h; sourceTree = "<group>"; };
		CC21CCB211D769DC0050D21B /* MapViewController.m */ = {isa = PBXFileReference; fileEncoding = 4; lastKnownFileType = sourcecode.c.objc; path = MapViewController.m; sourceTree = "<group>"; };
		CC21CCB311D769DC0050D21B /* MapViewController.xib */ = {isa = PBXFileReference; lastKnownFileType = file.xib; name = MapViewController.xib; path = Classes/MapViewController.xib; sourceTree = "<group>"; };
		CC21CD3411D77FB20050D21B /* MainController.xib */ = {isa = PBXFileReference; lastKnownFileType = file.xib; name = MainController.xib; path = Classes/MainController.xib; sourceTree = "<group>"; };
		CC21CD3D11D7814D0050D21B /* SFAnnotation.h */ = {isa = PBXFileReference; fileEncoding = 4; lastKnownFileType = sourcecode.c.h; name = SFAnnotation.h; path = vo/SFAnnotation.h; sourceTree = "<group>"; };
		CC21CD3E11D7814D0050D21B /* SFAnnotation.m */ = {isa = PBXFileReference; fileEncoding = 4; lastKnownFileType = sourcecode.c.objc; name = SFAnnotation.m; path = vo/SFAnnotation.m; sourceTree = "<group>"; };
		CC21CD3F11D7814D0050D21B /* BridgeAnnotation.h */ = {isa = PBXFileReference; fileEncoding = 4; lastKnownFileType = sourcecode.c.h; name = BridgeAnnotation.h; path = vo/BridgeAnnotation.h; sourceTree = "<group>"; };
		CC21CD4011D7814D0050D21B /* BridgeAnnotation.m */ = {isa = PBXFileReference; fileEncoding = 4; lastKnownFileType = sourcecode.c.objc; name = BridgeAnnotation.m; path = vo/BridgeAnnotation.m; sourceTree = "<group>"; };
		CC26963A11E039D300A3E000 /* SFPhoto.h */ = {isa = PBXFileReference; fileEncoding = 4; lastKnownFileType = sourcecode.c.h; path = SFPhoto.h; sourceTree = "<group>"; };
		CC26963B11E039D300A3E000 /* SFPhoto.m */ = {isa = PBXFileReference; fileEncoding = 4; lastKnownFileType = sourcecode.c.objc; path = SFPhoto.m; sourceTree = "<group>"; };
		CC2696A611E03ED400A3E000 /* SFCircule.h */ = {isa = PBXFileReference; fileEncoding = 4; lastKnownFileType = sourcecode.c.h; path = SFCircule.h; sourceTree = "<group>"; };
		CC2696A711E03ED400A3E000 /* SFCircule.m */ = {isa = PBXFileReference; fileEncoding = 4; lastKnownFileType = sourcecode.c.objc; path = SFCircule.m; sourceTree = "<group>"; };
		CC74427C11DA1AAE00CA31E1 /* ImageViewController.h */ = {isa = PBXFileReference; fileEncoding = 4; lastKnownFileType = sourcecode.c.h; path = ImageViewController.h; sourceTree = "<group>"; };
		CC74427D11DA1AAE00CA31E1 /* ImageViewController.m */ = {isa = PBXFileReference; fileEncoding = 4; lastKnownFileType = sourcecode.c.objc; path = ImageViewController.m; sourceTree = "<group>"; };
		CC74427E11DA1AAE00CA31E1 /* ImageViewController.xib */ = {isa = PBXFileReference; lastKnownFileType = file.xib; name = ImageViewController.xib; path = Classes/ImageViewController.xib; sourceTree = "<group>"; };
		CC8033AB11D812CC00CFEE82 /* MainController.h */ = {isa = PBXFileReference; fileEncoding = 4; lastKnownFileType = sourcecode.c.h; path = MainController.h; sourceTree = "<group>"; };
		CC8033AC11D812CC00CFEE82 /* MainController.m */ = {isa = PBXFileReference; fileEncoding = 4; lastKnownFileType = sourcecode.c.objc; path = MainController.m; sourceTree = "<group>"; };
		CCB110FB11DF0F9B00721F63 /* SampleAPIKey.h */ = {isa = PBXFileReference; fileEncoding = 4; lastKnownFileType = sourcecode.c.h; path = SampleAPIKey.h; sourceTree = "<group>"; };
		CCB1117511DF15A500721F63 /* CFNetwork.framework */ = {isa = PBXFileReference; lastKnownFileType = wrapper.framework; name = CFNetwork.framework; path = System/Library/Frameworks/CFNetwork.framework; sourceTree = SDKROOT; };
		CCB1120611DF172E00721F63 /* ObjectiveFlickr.xcodeproj */ = {isa = PBXFileReference; lastKnownFileType = "wrapper.pb-project"; name = ObjectiveFlickr.xcodeproj; path = ../../objectiveflickr/ObjectiveFlickr.xcodeproj; sourceTree = SOURCE_ROOT; };
		CCB113DA11DF315000721F63 /* SelectSetView.h */ = {isa = PBXFileReference; fileEncoding = 4; lastKnownFileType = sourcecode.c.h; path = SelectSetView.h; sourceTree = "<group>"; };
		CCB113DB11DF315000721F63 /* SelectSetView.m */ = {isa = PBXFileReference; fileEncoding = 4; lastKnownFileType = sourcecode.c.objc; path = SelectSetView.m; sourceTree = "<group>"; };
		CCB113DC11DF315000721F63 /* SelectSetView.xib */ = {isa = PBXFileReference; lastKnownFileType = file.xib; name = SelectSetView.xib; path = Classes/SelectSetView.xib; sourceTree = "<group>"; };
		CCB1151111DF463F00721F63 /* TripViewController.h */ = {isa = PBXFileReference; fileEncoding = 4; lastKnownFileType = sourcecode.c.h; path = TripViewController.h; sourceTree = "<group>"; };
		CCB1151211DF463F00721F63 /* TripViewController.m */ = {isa = PBXFileReference; fileEncoding = 4; lastKnownFileType = sourcecode.c.objc; path = TripViewController.m; sourceTree = "<group>"; };
		CCB1151311DF463F00721F63 /* TripViewController.xib */ = {isa = PBXFileReference; lastKnownFileType = file.xib; path = TripViewController.xib; sourceTree = "<group>"; };
		CCB1159011DF560B00721F63 /* ASICacheDelegate.h */ = {isa = PBXFileReference; fileEncoding = 4; lastKnownFileType = sourcecode.c.h; name = ASICacheDelegate.h; path = http/ASICacheDelegate.h; sourceTree = "<group>"; };
		CCB1159111DF560B00721F63 /* ASIDownloadCache.h */ = {isa = PBXFileReference; fileEncoding = 4; lastKnownFileType = sourcecode.c.h; name = ASIDownloadCache.h; path = http/ASIDownloadCache.h; sourceTree = "<group>"; };
		CCB1159211DF560B00721F63 /* ASIDownloadCache.m */ = {isa = PBXFileReference; fileEncoding = 4; lastKnownFileType = sourcecode.c.objc; name = ASIDownloadCache.m; path = http/ASIDownloadCache.m; sourceTree = "<group>"; };
		CCB1159311DF560B00721F63 /* ASIFormDataRequest.h */ = {isa = PBXFileReference; fileEncoding = 4; lastKnownFileType = sourcecode.c.h; name = ASIFormDataRequest.h; path = http/ASIFormDataRequest.h; sourceTree = "<group>"; };
		CCB1159411DF560B00721F63 /* ASIFormDataRequest.m */ = {isa = PBXFileReference; fileEncoding = 4; lastKnownFileType = sourcecode.c.objc; name = ASIFormDataRequest.m; path = http/ASIFormDataRequest.m; sourceTree = "<group>"; };
		CCB1159511DF560B00721F63 /* ASIHTTPRequest.h */ = {isa = PBXFileReference; fileEncoding = 4; lastKnownFileType = sourcecode.c.h; name = ASIHTTPRequest.h; path = http/ASIHTTPRequest.h; sourceTree = "<group>"; };
		CCB1159611DF560B00721F63 /* ASIHTTPRequest.m */ = {isa = PBXFileReference; fileEncoding = 4; lastKnownFileType = sourcecode.c.objc; name = ASIHTTPRequest.m; path = http/ASIHTTPRequest.m; sourceTree = "<group>"; };
		CCB1159711DF560B00721F63 /* ASIHTTPRequestConfig.h */ = {isa = PBXFileReference; fileEncoding = 4; lastKnownFileType = sourcecode.c.h; name = ASIHTTPRequestConfig.h; path = http/ASIHTTPRequestConfig.h; sourceTree = "<group>"; };
		CCB1159811DF560B00721F63 /* ASIHTTPRequestDelegate.h */ = {isa = PBXFileReference; fileEncoding = 4; lastKnownFileType = sourcecode.c.h; name = ASIHTTPRequestDelegate.h; path = http/ASIHTTPRequestDelegate.h; sourceTree = "<group>"; };
		CCB1159911DF560B00721F63 /* ASIInputStream.h */ = {isa = PBXFileReference; fileEncoding = 4; lastKnownFileType = sourcecode.c.h; name = ASIInputStream.h; path = http/ASIInputStream.h; sourceTree = "<group>"; };
		CCB1159A11DF560B00721F63 /* ASIInputStream.m */ = {isa = PBXFileReference; fileEncoding = 4; lastKnownFileType = sourcecode.c.objc; name = ASIInputStream.m; path = http/ASIInputStream.m; sourceTree = "<group>"; };
		CCB1159B11DF560B00721F63 /* ASINetworkQueue.h */ = {isa = PBXFileReference; fileEncoding = 4; lastKnownFileType = sourcecode.c.h; name = ASINetworkQueue.h; path = http/ASINetworkQueue.h; sourceTree = "<group>"; };
		CCB1159C11DF560B00721F63 /* ASINetworkQueue.m */ = {isa = PBXFileReference; fileEncoding = 4; lastKnownFileType = sourcecode.c.objc; name = ASINetworkQueue.m; path = http/ASINetworkQueue.m; sourceTree = "<group>"; };
		CCB1159D11DF560B00721F63 /* ASIProgressDelegate.h */ = {isa = PBXFileReference; fileEncoding = 4; lastKnownFileType = sourcecode.c.h; name = ASIProgressDelegate.h; path = http/ASIProgressDelegate.h; sourceTree = "<group>"; };
		CCB115A511DF563100721F63 /* ASIAuthenticationDialog.h */ = {isa = PBXFileReference; fileEncoding = 4; lastKnownFileType = sourcecode.c.h; name = ASIAuthenticationDialog.h; path = http/ASIAuthenticationDialog.h; sourceTree = "<group>"; };
		CCB115A611DF563100721F63 /* ASIAuthenticationDialog.m */ = {isa = PBXFileReference; fileEncoding = 4; lastKnownFileType = sourcecode.c.objc; name = ASIAuthenticationDialog.m; path = http/ASIAuthenticationDialog.m; sourceTree = "<group>"; };
		CCB115A711DF563100721F63 /* Reachability.h */ = {isa = PBXFileReference; fileEncoding = 4; lastKnownFileType = sourcecode.c.h; name = Reachability.h; path = http/Reachability.h; sourceTree = "<group>"; };
		CCB115A811DF563100721F63 /* Reachability.m */ = {isa = PBXFileReference; fileEncoding = 4; lastKnownFileType = sourcecode.c.objc; name = Reachability.m; path = http/Reachability.m; sourceTree = "<group>"; };
		CCB115AD11DF566100721F63 /* SystemConfiguration.framework */ = {isa = PBXFileReference; lastKnownFileType = wrapper.framework; name = SystemConfiguration.framework; path = System/Library/Frameworks/SystemConfiguration.framework; sourceTree = SDKROOT; };
		CCB115AF11DF567100721F63 /* MobileCoreServices.framework */ = {isa = PBXFileReference; lastKnownFileType = wrapper.framework; name = MobileCoreServices.framework; path = System/Library/Frameworks/MobileCoreServices.framework; sourceTree = SDKROOT; };
		CCB115B111DF568C00721F63 /* libz.1.2.3.dylib */ = {isa = PBXFileReference; lastKnownFileType = "compiled.mach-o.dylib"; name = libz.1.2.3.dylib; path = usr/lib/libz.1.2.3.dylib; sourceTree = SDKROOT; };
/* End PBXFileReference section */

/* Begin PBXFrameworksBuildPhase section */
		1D60588F0D05DD3D006BFB54 /* Frameworks */ = {
			isa = PBXFrameworksBuildPhase;
			buildActionMask = 2147483647;
			files = (
				CC26957111E010DF00A3E000 /* libObjectiveFlickr.a in Frameworks */,
				1D60589F0D05DD5A006BFB54 /* Foundation.framework in Frameworks */,
				1DF5F4E00D08C38300B7A737 /* UIKit.framework in Frameworks */,
				288765FD0DF74451002DB57D /* CoreGraphics.framework in Frameworks */,
				CC21CC8111D75BFD0050D21B /* CoreLocation.framework in Frameworks */,
				CC21CC8511D75C070050D21B /* MapKit.framework in Frameworks */,
				CCB1117611DF15A500721F63 /* CFNetwork.framework in Frameworks */,
				CCB115AE11DF566100721F63 /* SystemConfiguration.framework in Frameworks */,
				CCB115B011DF567100721F63 /* MobileCoreServices.framework in Frameworks */,
				CCB115B211DF568C00721F63 /* libz.1.2.3.dylib in Frameworks */,
			);
			runOnlyForDeploymentPostprocessing = 0;
		};
/* End PBXFrameworksBuildPhase section */

/* Begin PBXGroup section */
		080E96DDFE201D6D7F000001 /* Classes */ = {
			isa = PBXGroup;
			children = (
				CC26986E11E0501600A3E000 /* Flickr */,
				CCB1156A11DF552900721F63 /* ASIHttp */,
				1D3623240D0F684500981E51 /* ImageLocaterAppDelegate.h */,
				1D3623250D0F684500981E51 /* ImageLocaterAppDelegate.m */,
				CC21CC8A11D75C6A0050D21B /* LoginController.h */,
				CC21CC8B11D75C6A0050D21B /* LoginController.m */,
				CC21CCB111D769DC0050D21B /* MapViewController.h */,
				CC21CCB211D769DC0050D21B /* MapViewController.m */,
				CC21CD3D11D7814D0050D21B /* SFAnnotation.h */,
				CC21CD3E11D7814D0050D21B /* SFAnnotation.m */,
				CC21CD3F11D7814D0050D21B /* BridgeAnnotation.h */,
				CC21CD4011D7814D0050D21B /* BridgeAnnotation.m */,
				CC8033AB11D812CC00CFEE82 /* MainController.h */,
				CC8033AC11D812CC00CFEE82 /* MainController.m */,
				CC74427C11DA1AAE00CA31E1 /* ImageViewController.h */,
				CC74427D11DA1AAE00CA31E1 /* ImageViewController.m */,
				CCB113DA11DF315000721F63 /* SelectSetView.h */,
				CCB113DB11DF315000721F63 /* SelectSetView.m */,
				CCB1151111DF463F00721F63 /* TripViewController.h */,
				CCB1151211DF463F00721F63 /* TripViewController.m */,
				CCB1151311DF463F00721F63 /* TripViewController.xib */,
				CC26963A11E039D300A3E000 /* SFPhoto.h */,
				CC26963B11E039D300A3E000 /* SFPhoto.m */,
				CC2696A611E03ED400A3E000 /* SFCircule.h */,
				CC2696A711E03ED400A3E000 /* SFCircule.m */,
			);
			path = Classes;
			sourceTree = "<group>";
		};
		19C28FACFE9D520D11CA2CBB /* Products */ = {
			isa = PBXGroup;
			children = (
				1D6058910D05DD3D006BFB54 /* ImageLocater.app */,
			);
			name = Products;
			sourceTree = "<group>";
		};
		29B97314FDCFA39411CA2CEA /* CustomTemplate */ = {
			isa = PBXGroup;
			children = (
				CCB1120611DF172E00721F63 /* ObjectiveFlickr.xcodeproj */,
				080E96DDFE201D6D7F000001 /* Classes */,
				29B97315FDCFA39411CA2CEA /* Other Sources */,
				29B97317FDCFA39411CA2CEA /* Resources */,
				29B97323FDCFA39411CA2CEA /* Frameworks */,
				19C28FACFE9D520D11CA2CBB /* Products */,
				CCB1117511DF15A500721F63 /* CFNetwork.framework */,
				CCB115AD11DF566100721F63 /* SystemConfiguration.framework */,
				CCB115AF11DF567100721F63 /* MobileCoreServices.framework */,
				CCB115B111DF568C00721F63 /* libz.1.2.3.dylib */,
			);
			name = CustomTemplate;
			sourceTree = "<group>";
		};
		29B97315FDCFA39411CA2CEA /* Other Sources */ = {
			isa = PBXGroup;
			children = (
				32CA4F630368D1EE00C91783 /* ImageLocater_Prefix.pch */,
				29B97316FDCFA39411CA2CEA /* main.m */,
			);
			name = "Other Sources";
			sourceTree = "<group>";
		};
		29B97317FDCFA39411CA2CEA /* Resources */ = {
			isa = PBXGroup;
			children = (
				CC74427E11DA1AAE00CA31E1 /* ImageViewController.xib */,
				CC21CD3411D77FB20050D21B /* MainController.xib */,
				CC21CCB311D769DC0050D21B /* MapViewController.xib */,
				CC21CC8C11D75C6A0050D21B /* LoginController.xib */,
				28AD733E0D9D9553002E5188 /* MainWindow.xib */,
				8D1107310486CEB800E47090 /* ImageLocater-Info.plist */,
				CCB113DC11DF315000721F63 /* SelectSetView.xib */,
			);
			name = Resources;
			sourceTree = "<group>";
		};
		29B97323FDCFA39411CA2CEA /* Frameworks */ = {
			isa = PBXGroup;
			children = (
				1DF5F4DF0D08C38300B7A737 /* UIKit.framework */,
				1D30AB110D05D00D00671497 /* Foundation.framework */,
				288765FC0DF74451002DB57D /* CoreGraphics.framework */,
				CC21CC8011D75BFD0050D21B /* CoreLocation.framework */,
				CC21CC8411D75C070050D21B /* MapKit.framework */,
			);
			name = Frameworks;
			sourceTree = "<group>";
		};
		CC26954411E00DDE00A3E000 /* Products */ = {
			isa = PBXGroup;
			children = (
				CC26954A11E00DDE00A3E000 /* ObjectiveFlickr.framework */,
				CC26954C11E00DDE00A3E000 /* libObjectiveFlickr.a */,
			);
			name = Products;
			sourceTree = "<group>";
		};
		CC26986E11E0501600A3E000 /* Flickr */ = {
			isa = PBXGroup;
			children = (
				CCB110FB11DF0F9B00721F63 /* SampleAPIKey.h */,
			);
			name = Flickr;
			sourceTree = "<group>";
		};
		CCB1156A11DF552900721F63 /* ASIHttp */ = {
			isa = PBXGroup;
			children = (
				CCB115A511DF563100721F63 /* ASIAuthenticationDialog.h */,
				CCB115A611DF563100721F63 /* ASIAuthenticationDialog.m */,
				CCB115A711DF563100721F63 /* Reachability.h */,
				CCB115A811DF563100721F63 /* Reachability.m */,
				CCB1159011DF560B00721F63 /* ASICacheDelegate.h */,
				CCB1159111DF560B00721F63 /* ASIDownloadCache.h */,
				CCB1159211DF560B00721F63 /* ASIDownloadCache.m */,
				CCB1159311DF560B00721F63 /* ASIFormDataRequest.h */,
				CCB1159411DF560B00721F63 /* ASIFormDataRequest.m */,
				CCB1159511DF560B00721F63 /* ASIHTTPRequest.h */,
				CCB1159611DF560B00721F63 /* ASIHTTPRequest.m */,
				CCB1159711DF560B00721F63 /* ASIHTTPRequestConfig.h */,
				CCB1159811DF560B00721F63 /* ASIHTTPRequestDelegate.h */,
				CCB1159911DF560B00721F63 /* ASIInputStream.h */,
				CCB1159A11DF560B00721F63 /* ASIInputStream.m */,
				CCB1159B11DF560B00721F63 /* ASINetworkQueue.h */,
				CCB1159C11DF560B00721F63 /* ASINetworkQueue.m */,
				CCB1159D11DF560B00721F63 /* ASIProgressDelegate.h */,
			);
			name = ASIHttp;
			sourceTree = "<group>";
		};
/* End PBXGroup section */

/* Begin PBXNativeTarget section */
		1D6058900D05DD3D006BFB54 /* ImageLocater */ = {
			isa = PBXNativeTarget;
			buildConfigurationList = 1D6058960D05DD3E006BFB54 /* Build configuration list for PBXNativeTarget "ImageLocater" */;
			buildPhases = (
				1D60588D0D05DD3D006BFB54 /* Resources */,
				1D60588E0D05DD3D006BFB54 /* Sources */,
				1D60588F0D05DD3D006BFB54 /* Frameworks */,
			);
			buildRules = (
			);
			dependencies = (
				CC26956B11E0108700A3E000 /* PBXTargetDependency */,
			);
			name = ImageLocater;
			productName = ImageLocater;
			productReference = 1D6058910D05DD3D006BFB54 /* ImageLocater.app */;
			productType = "com.apple.product-type.application";
		};
/* End PBXNativeTarget section */

/* Begin PBXProject section */
		29B97313FDCFA39411CA2CEA /* Project object */ = {
			isa = PBXProject;
			buildConfigurationList = C01FCF4E08A954540054247B /* Build configuration list for PBXProject "ImageLocater" */;
			compatibilityVersion = "Xcode 3.1";
			hasScannedForEncodings = 1;
			mainGroup = 29B97314FDCFA39411CA2CEA /* CustomTemplate */;
			projectDirPath = "";
			projectReferences = (
				{
					ProductGroup = CC26954411E00DDE00A3E000 /* Products */;
					ProjectRef = CCB1120611DF172E00721F63 /* ObjectiveFlickr.xcodeproj */;
				},
			);
			projectRoot = "";
			targets = (
				1D6058900D05DD3D006BFB54 /* ImageLocater */,
			);
		};
/* End PBXProject section */

/* Begin PBXReferenceProxy section */
		CC26954A11E00DDE00A3E000 /* ObjectiveFlickr.framework */ = {
			isa = PBXReferenceProxy;
			fileType = wrapper.framework;
			path = ObjectiveFlickr.framework;
			remoteRef = CC26954911E00DDE00A3E000 /* PBXContainerItemProxy */;
			sourceTree = BUILT_PRODUCTS_DIR;
		};
		CC26954C11E00DDE00A3E000 /* libObjectiveFlickr.a */ = {
			isa = PBXReferenceProxy;
			fileType = archive.ar;
			path = libObjectiveFlickr.a;
			remoteRef = CC26954B11E00DDE00A3E000 /* PBXContainerItemProxy */;
			sourceTree = BUILT_PRODUCTS_DIR;
		};
/* End PBXReferenceProxy section */

/* Begin PBXResourcesBuildPhase section */
		1D60588D0D05DD3D006BFB54 /* Resources */ = {
			isa = PBXResourcesBuildPhase;
			buildActionMask = 2147483647;
			files = (
				28AD733F0D9D9553002E5188 /* MainWindow.xib in Resources */,
				CCB1151511DF463F00721F63 /* TripViewController.xib in Resources */,
				CC21CC8E11D75C6A0050D21B /* LoginController.xib in Resources */,
				CC21CCB511D769DC0050D21B /* MapViewController.xib in Resources */,
				CC21CD3611D77FB20050D21B /* MainController.xib in Resources */,
				CC74428011DA1AAE00CA31E1 /* ImageViewController.xib in Resources */,
				CCB113DE11DF315000721F63 /* SelectSetView.xib in Resources */,
			);
			runOnlyForDeploymentPostprocessing = 0;
		};
/* End PBXResourcesBuildPhase section */

/* Begin PBXSourcesBuildPhase section */
		1D60588E0D05DD3D006BFB54 /* Sources */ = {
			isa = PBXSourcesBuildPhase;
			buildActionMask = 2147483647;
			files = (
				1D60589B0D05DD56006BFB54 /* main.m in Sources */,
				1D3623260D0F684500981E51 /* ImageLocaterAppDelegate.m in Sources */,
				CC21CC8D11D75C6A0050D21B /* LoginController.m in Sources */,
				CC21CCB411D769DC0050D21B /* MapViewController.m in Sources */,
				CC21CD4111D7814D0050D21B /* SFAnnotation.m in Sources */,
				CC21CD4211D7814D0050D21B /* BridgeAnnotation.m in Sources */,
				CC8033AD11D812CC00CFEE82 /* MainController.m in Sources */,
				CC74427F11DA1AAE00CA31E1 /* ImageViewController.m in Sources */,
				CCB113DD11DF315000721F63 /* SelectSetView.m in Sources */,
				CCB1151411DF463F00721F63 /* TripViewController.m in Sources */,
				CCB1159E11DF560B00721F63 /* ASIDownloadCache.m in Sources */,
				CCB1159F11DF560B00721F63 /* ASIFormDataRequest.m in Sources */,
				CCB115A011DF560B00721F63 /* ASIHTTPRequest.m in Sources */,
				CCB115A111DF560B00721F63 /* ASIInputStream.m in Sources */,
				CCB115A211DF560B00721F63 /* ASINetworkQueue.m in Sources */,
				CCB115A911DF563100721F63 /* ASIAuthenticationDialog.m in Sources */,
				CCB115AA11DF563100721F63 /* Reachability.m in Sources */,
				CC26963C11E039D300A3E000 /* SFPhoto.m in Sources */,
				CC2696A811E03ED400A3E000 /* SFCircule.m in Sources */,
			);
			runOnlyForDeploymentPostprocessing = 0;
		};
/* End PBXSourcesBuildPhase section */

/* Begin PBXTargetDependency section */
		CC26956B11E0108700A3E000 /* PBXTargetDependency */ = {
			isa = PBXTargetDependency;
			name = "ObjectiveFlickr (library)";
			targetProxy = CC26956A11E0108700A3E000 /* PBXContainerItemProxy */;
		};
/* End PBXTargetDependency section */

/* Begin XCBuildConfiguration section */
		1D6058940D05DD3E006BFB54 /* Debug */ = {
			isa = XCBuildConfiguration;
			buildSettings = {
				ALWAYS_SEARCH_USER_PATHS = NO;
				COPY_PHASE_STRIP = NO;
				GCC_DYNAMIC_NO_PIC = NO;
				GCC_OPTIMIZATION_LEVEL = 0;
				GCC_PRECOMPILE_PREFIX_HEADER = YES;
				GCC_PREFIX_HEADER = ImageLocater_Prefix.pch;
				HEADER_SEARCH_PATHS = (
					"\"../../objectiveflickr/Source\"",
					"\"../../objectiveflickr/LFWebAPIKit\"",
				);
				INFOPLIST_FILE = "ImageLocater-Info.plist";
				PRODUCT_NAME = ImageLocater;
			};
			name = Debug;
		};
		1D6058950D05DD3E006BFB54 /* Release */ = {
			isa = XCBuildConfiguration;
			buildSettings = {
				ALWAYS_SEARCH_USER_PATHS = NO;
				COPY_PHASE_STRIP = YES;
				GCC_PRECOMPILE_PREFIX_HEADER = YES;
				GCC_PREFIX_HEADER = ImageLocater_Prefix.pch;
				HEADER_SEARCH_PATHS = (
					"\"../../objectiveflickr/Source\"",
					"\"../../objectiveflickr/LFWebAPIKit\"",
				);
				INFOPLIST_FILE = "ImageLocater-Info.plist";
				PRODUCT_NAME = ImageLocater;
				VALIDATE_PRODUCT = YES;
			};
			name = Release;
		};
		C01FCF4F08A954540054247B /* Debug */ = {
			isa = XCBuildConfiguration;
			buildSettings = {
				ARCHS = "$(ARCHS_UNIVERSAL_IPHONE_OS)";
				"CODE_SIGN_IDENTITY[sdk=iphoneos*]" = "iPhone Developer";
				GCC_C_LANGUAGE_STANDARD = c99;
				GCC_WARN_ABOUT_RETURN_TYPE = YES;
				GCC_WARN_UNUSED_VARIABLE = YES;
				PREBINDING = NO;
				SDKROOT = iphoneos3.2;
				TARGETED_DEVICE_FAMILY = 2;
			};
			name = Debug;
		};
		C01FCF5008A954540054247B /* Release */ = {
			isa = XCBuildConfiguration;
			buildSettings = {
				ARCHS = "$(ARCHS_UNIVERSAL_IPHONE_OS)";
				"CODE_SIGN_IDENTITY[sdk=iphoneos*]" = "iPhone Developer";
				GCC_C_LANGUAGE_STANDARD = c99;
				GCC_WARN_ABOUT_RETURN_TYPE = YES;
				GCC_WARN_UNUSED_VARIABLE = YES;
				OTHER_CFLAGS = "-DNS_BLOCK_ASSERTIONS=1";
				PREBINDING = NO;
				SDKROOT = iphoneos3.2;
				TARGETED_DEVICE_FAMILY = 2;
			};
			name = Release;
		};
/* End XCBuildConfiguration section */

/* Begin XCConfigurationList section */
		1D6058960D05DD3E006BFB54 /* Build configuration list for PBXNativeTarget "ImageLocater" */ = {
			isa = XCConfigurationList;
			buildConfigurations = (
				1D6058940D05DD3E006BFB54 /* Debug */,
				1D6058950D05DD3E006BFB54 /* Release */,
			);
			defaultConfigurationIsVisible = 0;
			defaultConfigurationName = Release;
		};
		C01FCF4E08A954540054247B /* Build configuration list for PBXProject "ImageLocater" */ = {
			isa = XCConfigurationList;
			buildConfigurations = (
				C01FCF4F08A954540054247B /* Debug */,
				C01FCF5008A954540054247B /* Release */,
			);
			defaultConfigurationIsVisible = 0;
			defaultConfigurationName = Release;
		};
/* End XCConfigurationList section */
	};
	rootObject = 29B97313FDCFA39411CA2CEA /* Project object */;
}
